
Microsoft Visual Studio Solution File, Format Version 12.00
# Visual Studio Version 16
VisualStudioVersion = 16.0.29123.88
MinimumVisualStudioVersion = 10.0.40219.1
Project("{9A19103F-16F7-4668-BE54-9A1E7A4F7556}") = "Asp .Net", "Asp .Net.csproj", "{2993F43B-0848-4FFC-B962-EEB6AD905A89}"
EndProject
Global
	GlobalSection(SolutionConfigurationPlatforms) = preSolution
		Debug|Any CPU = Debug|Any CPU
		Release|Any CPU = Release|Any CPU
	EndGlobalSection
	GlobalSection(ProjectConfigurationPlatforms) = postSolution
		{2993F43B-0848-4FFC-B962-EEB6AD905A89}.Debug|Any CPU.ActiveCfg = Debug|Any CPU
		{2993F43B-0848-4FFC-B962-EEB6AD905A89}.Debug|Any CPU.Build.0 = Debug|Any CPU
		{2993F43B-0848-4FFC-B962-EEB6AD905A89}.Release|Any CPU.ActiveCfg = Release|Any CPU
		{2993F43B-0848-4FFC-B962-EEB6AD905A89}.Release|Any CPU.Build.0 = Release|Any CPU
	EndGlobalSection
	GlobalSection(SolutionProperties) = preSolution
		HideSolutionNode = FALSE
	EndGlobalSection
	GlobalSection(ExtensibilityGlobals) = postSolution
		SolutionGuid = {DB66A227-CECD-4373-9B42-079DE8976223}
	EndGlobalSection
EndGlobal
